
Microsoft Visual Studio Solution File, Format Version 12.00
# Visual Studio Version 17
VisualStudioVersion = 17.1.32421.90
MinimumVisualStudioVersion = 10.0.40219.1
Project("{FAE04EC0-301F-11D3-BF4B-00C04F79EFBC}") = "Linq35AddBoolUc7_Uc8", "Linq35AddBoolUc7_Uc8.csproj", "{39654324-E032-46BA-BE15-D43DE4C9467F}"
EndProject
Global
	GlobalSection(SolutionConfigurationPlatforms) = preSolution
		Debug|Any CPU = Debug|Any CPU
		Release|Any CPU = Release|Any CPU
	EndGlobalSection
	GlobalSection(ProjectConfigurationPlatforms) = postSolution
		{39654324-E032-46BA-BE15-D43DE4C9467F}.Debug|Any CPU.ActiveCfg = Debug|Any CPU
		{39654324-E032-46BA-BE15-D43DE4C9467F}.Debug|Any CPU.Build.0 = Debug|Any CPU
		{39654324-E032-46BA-BE15-D43DE4C9467F}.Release|Any CPU.ActiveCfg = Release|Any CPU
		{39654324-E032-46BA-BE15-D43DE4C9467F}.Release|Any CPU.Build.0 = Release|Any CPU
	EndGlobalSection
	GlobalSection(SolutionProperties) = preSolution
		HideSolutionNode = FALSE
	EndGlobalSection
	GlobalSection(ExtensibilityGlobals) = postSolution
		SolutionGuid = {38CB402A-7E8B-4B9B-9C92-B545E0576728}
	EndGlobalSection
EndGlobal
