
Microsoft Visual Studio Solution File, Format Version 12.00
# Visual Studio Version 17
VisualStudioVersion = 17.1.32421.90
MinimumVisualStudioVersion = 10.0.40219.1
Project("{FAE04EC0-301F-11D3-BF4B-00C04F79EFBC}") = "LinqAddBookUc9_Uc11", "LinqAddBookUc9_Uc11.csproj", "{A77B8250-1806-465F-9206-8E1715589939}"
EndProject
Global
	GlobalSection(SolutionConfigurationPlatforms) = preSolution
		Debug|Any CPU = Debug|Any CPU
		Release|Any CPU = Release|Any CPU
	EndGlobalSection
	GlobalSection(ProjectConfigurationPlatforms) = postSolution
		{A77B8250-1806-465F-9206-8E1715589939}.Debug|Any CPU.ActiveCfg = Debug|Any CPU
		{A77B8250-1806-465F-9206-8E1715589939}.Debug|Any CPU.Build.0 = Debug|Any CPU
		{A77B8250-1806-465F-9206-8E1715589939}.Release|Any CPU.ActiveCfg = Release|Any CPU
		{A77B8250-1806-465F-9206-8E1715589939}.Release|Any CPU.Build.0 = Release|Any CPU
	EndGlobalSection
	GlobalSection(SolutionProperties) = preSolution
		HideSolutionNode = FALSE
	EndGlobalSection
	GlobalSection(ExtensibilityGlobals) = postSolution
		SolutionGuid = {8FAD2A84-E5F3-4632-91A0-88C577C6EC2A}
	EndGlobalSection
EndGlobal
